
Microsoft Visual Studio Solution File, Format Version 12.00
# Visual Studio Version 16
VisualStudioVersion = 16.0.29025.244
MinimumVisualStudioVersion = 10.0.40219.1
Project("{FAE04EC0-301F-11D3-BF4B-00C04F79EFBC}") = "Swap", "Swap\Swap.csproj", "{F32DDC75-026B-454A-B268-C4B8EB8E33B0}"
EndProject
Project("{FAE04EC0-301F-11D3-BF4B-00C04F79EFBC}") = "Alphabet search", "Alphabet search\Alphabet search.csproj", "{006DFD8C-CB5B-45DF-8BFB-103F90B2C33D}"
EndProject
Project("{FAE04EC0-301F-11D3-BF4B-00C04F79EFBC}") = "Convert kilometers to meters", "Convert kilometers to meters\Convert kilometers to meters.csproj", "{A7F46899-115F-401D-90A0-A7CC9EC637A2}"
EndProject
Project("{FAE04EC0-301F-11D3-BF4B-00C04F79EFBC}") = "DrawHouseAndTriangle", "DrawHouseAndTriangle\DrawHouseAndTriangle.csproj", "{D71DD89A-0115-423B-A14E-75C5854C4E9A}"
EndProject
Project("{FAE04EC0-301F-11D3-BF4B-00C04F79EFBC}") = "DrawFormula", "DrawFormula\DrawFormula.csproj", "{303D5853-5723-4271-86EF-E93146373F2C}"
EndProject
Global
	GlobalSection(SolutionConfigurationPlatforms) = preSolution
		Debug|Any CPU = Debug|Any CPU
		Release|Any CPU = Release|Any CPU
	EndGlobalSection
	GlobalSection(ProjectConfigurationPlatforms) = postSolution
		{F32DDC75-026B-454A-B268-C4B8EB8E33B0}.Debug|Any CPU.ActiveCfg = Debug|Any CPU
		{F32DDC75-026B-454A-B268-C4B8EB8E33B0}.Debug|Any CPU.Build.0 = Debug|Any CPU
		{F32DDC75-026B-454A-B268-C4B8EB8E33B0}.Release|Any CPU.ActiveCfg = Release|Any CPU
		{F32DDC75-026B-454A-B268-C4B8EB8E33B0}.Release|Any CPU.Build.0 = Release|Any CPU
		{006DFD8C-CB5B-45DF-8BFB-103F90B2C33D}.Debug|Any CPU.ActiveCfg = Debug|Any CPU
		{006DFD8C-CB5B-45DF-8BFB-103F90B2C33D}.Debug|Any CPU.Build.0 = Debug|Any CPU
		{006DFD8C-CB5B-45DF-8BFB-103F90B2C33D}.Release|Any CPU.ActiveCfg = Release|Any CPU
		{006DFD8C-CB5B-45DF-8BFB-103F90B2C33D}.Release|Any CPU.Build.0 = Release|Any CPU
		{A7F46899-115F-401D-90A0-A7CC9EC637A2}.Debug|Any CPU.ActiveCfg = Debug|Any CPU
		{A7F46899-115F-401D-90A0-A7CC9EC637A2}.Debug|Any CPU.Build.0 = Debug|Any CPU
		{A7F46899-115F-401D-90A0-A7CC9EC637A2}.Release|Any CPU.ActiveCfg = Release|Any CPU
		{A7F46899-115F-401D-90A0-A7CC9EC637A2}.Release|Any CPU.Build.0 = Release|Any CPU
		{D71DD89A-0115-423B-A14E-75C5854C4E9A}.Debug|Any CPU.ActiveCfg = Debug|Any CPU
		{D71DD89A-0115-423B-A14E-75C5854C4E9A}.Debug|Any CPU.Build.0 = Debug|Any CPU
		{D71DD89A-0115-423B-A14E-75C5854C4E9A}.Release|Any CPU.ActiveCfg = Release|Any CPU
		{D71DD89A-0115-423B-A14E-75C5854C4E9A}.Release|Any CPU.Build.0 = Release|Any CPU
		{303D5853-5723-4271-86EF-E93146373F2C}.Debug|Any CPU.ActiveCfg = Debug|Any CPU
		{303D5853-5723-4271-86EF-E93146373F2C}.Debug|Any CPU.Build.0 = Debug|Any CPU
		{303D5853-5723-4271-86EF-E93146373F2C}.Release|Any CPU.ActiveCfg = Release|Any CPU
		{303D5853-5723-4271-86EF-E93146373F2C}.Release|Any CPU.Build.0 = Release|Any CPU
	EndGlobalSection
	GlobalSection(SolutionProperties) = preSolution
		HideSolutionNode = FALSE
	EndGlobalSection
	GlobalSection(ExtensibilityGlobals) = postSolution
		SolutionGuid = {580666DF-3A87-42E9-A3AC-5AAC98D63265}
	EndGlobalSection
EndGlobal
